
Microsoft Visual Studio Solution File, Format Version 12.00
# Visual Studio 15
VisualStudioVersion = 15.0.28307.102
MinimumVisualStudioVersion = 10.0.40219.1
Project("{FAE04EC0-301F-11D3-BF4B-00C04F79EFBC}") = "Lennox.HeartRate", "HeartRate\Lennox.HeartRate.csproj", "{B2F43A87-37F3-40F4-835C-2614C336C428}"
EndProject
Project("{FAE04EC0-301F-11D3-BF4B-00C04F79EFBC}") = "Lennox.HeartRate.Tests", "Lennox.HeartRate.Tests\Lennox.HeartRate.Tests.csproj", "{4B380BC6-75C0-4F81-91CC-E3BF2FF2C3C6}"
EndProject
Global
	GlobalSection(SolutionConfigurationPlatforms) = preSolution
		Debug|Any CPU = Debug|Any CPU
		Release|Any CPU = Release|Any CPU
	EndGlobalSection
	GlobalSection(ProjectConfigurationPlatforms) = postSolution
		{B2F43A87-37F3-40F4-835C-2614C336C428}.Debug|Any CPU.ActiveCfg = Debug|Any CPU
		{B2F43A87-37F3-40F4-835C-2614C336C428}.Debug|Any CPU.Build.0 = Debug|Any CPU
		{B2F43A87-37F3-40F4-835C-2614C336C428}.Release|Any CPU.ActiveCfg = Release|Any CPU
		{B2F43A87-37F3-40F4-835C-2614C336C428}.Release|Any CPU.Build.0 = Release|Any CPU
		{4B380BC6-75C0-4F81-91CC-E3BF2FF2C3C6}.Debug|Any CPU.ActiveCfg = Debug|Any CPU
		{4B380BC6-75C0-4F81-91CC-E3BF2FF2C3C6}.Debug|Any CPU.Build.0 = Debug|Any CPU
		{4B380BC6-75C0-4F81-91CC-E3BF2FF2C3C6}.Release|Any CPU.ActiveCfg = Release|Any CPU
		{4B380BC6-75C0-4F81-91CC-E3BF2FF2C3C6}.Release|Any CPU.Build.0 = Release|Any CPU
	EndGlobalSection
	GlobalSection(SolutionProperties) = preSolution
		HideSolutionNode = FALSE
	EndGlobalSection
	GlobalSection(ExtensibilityGlobals) = postSolution
		SolutionGuid = {705F2D60-D513-4B09-9BC7-5609BBAC1840}
	EndGlobalSection
EndGlobal
